
Microsoft Visual Studio Solution File, Format Version 12.00
Project("{F2A71F9B-5D33-465A-A702-920D77279786}") = "Code", "Code\Code.fsproj", "{FDEB48D7-576B-4698-9078-B7FC9C4E3BD6}"
EndProject
Global
	GlobalSection(SolutionConfigurationPlatforms) = preSolution
		Debug|Any CPU = Debug|Any CPU
		Release|Any CPU = Release|Any CPU
	EndGlobalSection
	GlobalSection(ProjectConfigurationPlatforms) = postSolution
		{FDEB48D7-576B-4698-9078-B7FC9C4E3BD6}.Debug|Any CPU.ActiveCfg = Debug|Any CPU
		{FDEB48D7-576B-4698-9078-B7FC9C4E3BD6}.Debug|Any CPU.Build.0 = Debug|Any CPU
		{FDEB48D7-576B-4698-9078-B7FC9C4E3BD6}.Release|Any CPU.ActiveCfg = Release|Any CPU
		{FDEB48D7-576B-4698-9078-B7FC9C4E3BD6}.Release|Any CPU.Build.0 = Release|Any CPU
	EndGlobalSection
EndGlobal
